
Microsoft Visual Studio Solution File, Format Version 12.00
# Visual Studio 15
VisualStudioVersion = 15.0.26430.16
MinimumVisualStudioVersion = 10.0.40219.1
Project("{FAE04EC0-301F-11D3-BF4B-00C04F79EFBC}") = "Synapse.Aws.Core", "Synapse.Aws.Core\Synapse.Aws.Core.csproj", "{91F5E49F-8092-41C5-AB21-1209BC68EF93}"
EndProject
Project("{FAE04EC0-301F-11D3-BF4B-00C04F79EFBC}") = "Synapse.Aws.Cli", "Synapse.Aws.Cli\Synapse.Aws.Cli.csproj", "{F68E863F-0DED-46C2-A1C1-3BF57AD0FF66}"
EndProject
Project("{FAE04EC0-301F-11D3-BF4B-00C04F79EFBC}") = "Synapse.Handlers.Aws", "Synapse.Handlers.Aws\Synapse.Handlers.Aws.csproj", "{1B9386DD-D199-450F-B062-E235616BDC53}"
EndProject
Global
	GlobalSection(SolutionConfigurationPlatforms) = preSolution
		Debug|Any CPU = Debug|Any CPU
		Release|Any CPU = Release|Any CPU
	EndGlobalSection
	GlobalSection(ProjectConfigurationPlatforms) = postSolution
		{91F5E49F-8092-41C5-AB21-1209BC68EF93}.Debug|Any CPU.ActiveCfg = Debug|Any CPU
		{91F5E49F-8092-41C5-AB21-1209BC68EF93}.Debug|Any CPU.Build.0 = Debug|Any CPU
		{91F5E49F-8092-41C5-AB21-1209BC68EF93}.Release|Any CPU.ActiveCfg = Release|Any CPU
		{91F5E49F-8092-41C5-AB21-1209BC68EF93}.Release|Any CPU.Build.0 = Release|Any CPU
		{F68E863F-0DED-46C2-A1C1-3BF57AD0FF66}.Debug|Any CPU.ActiveCfg = Debug|Any CPU
		{F68E863F-0DED-46C2-A1C1-3BF57AD0FF66}.Debug|Any CPU.Build.0 = Debug|Any CPU
		{F68E863F-0DED-46C2-A1C1-3BF57AD0FF66}.Release|Any CPU.ActiveCfg = Release|Any CPU
		{F68E863F-0DED-46C2-A1C1-3BF57AD0FF66}.Release|Any CPU.Build.0 = Release|Any CPU
		{1B9386DD-D199-450F-B062-E235616BDC53}.Debug|Any CPU.ActiveCfg = Debug|Any CPU
		{1B9386DD-D199-450F-B062-E235616BDC53}.Debug|Any CPU.Build.0 = Debug|Any CPU
		{1B9386DD-D199-450F-B062-E235616BDC53}.Release|Any CPU.ActiveCfg = Release|Any CPU
		{1B9386DD-D199-450F-B062-E235616BDC53}.Release|Any CPU.Build.0 = Release|Any CPU
	EndGlobalSection
	GlobalSection(SolutionProperties) = preSolution
		HideSolutionNode = FALSE
	EndGlobalSection
EndGlobal
